{
  "name": "static",
  "lockfileVersion": 2,
  "requires": true,
  "packages": {
    "": {
      "dependencies": {
        "biginteger": "1.0.3",
        "bootstrap": "5.2.0",
        "bootswatch": "5.2.0",
        "jquery": "3.6.0"
      }
    },
    "node_modules/@popperjs/core": {
      "version": "2.11.6",
      "resolved": "https://registry.npmjs.org/@popperjs/core/-/core-2.11.6.tgz",
      "integrity": "sha512-50/17A98tWUfQ176raKiOGXuYpLyyVMkxxG6oylzL3BPOlA6ADGdK7EYunSa4I064xerltq9TGXs8HmOk5E+vw==",
      "peer": true,
      "funding": {
        "type": "opencollective",
        "url": "https://opencollective.com/popperjs"
      }
    },
    "node_modules/biginteger": {
      "version": "1.0.3",
      "resolved": "https://registry.npmjs.org/biginteger/-/biginteger-1.0.3.tgz",
      "integrity": "sha512-gmTfQyNVreGeTlSrZiD7mAg52B0e20NWTJdt9zESPcUce/SEdP0UT/GGal6OZxNELiues4+XuyJzyAlkuO9nNg=="
    },
    "node_modules/bootstrap": {
      "version": "5.2.0",
      "resolved": "https://registry.npmjs.org/bootstrap/-/bootstrap-5.2.0.tgz",
      "integrity": "sha512-qlnS9GL6YZE6Wnef46GxGv1UpGGzAwO0aPL1yOjzDIJpeApeMvqV24iL+pjr2kU4dduoBA9fINKWKgMToobx9A==",
      "funding": [
        {
          "type": "github",
          "url": "https://github.com/sponsors/twbs"
        },
        {
          "type": "opencollective",
          "url": "https://opencollective.com/bootstrap"
        }
      ],
      "peerDependencies": {
        "@popperjs/core": "^2.11.5"
      }
    },
    "node_modules/bootswatch": {
      "version": "5.2.0",
      "resolved": "https://registry.npmjs.org/bootswatch/-/bootswatch-5.2.0.tgz",
      "integrity": "sha512-v9krdPdybb5hUwVwlv3f7/FhOa5cXbCb5U5CI4gdnalcxR3ekclXE6kPZWL5O8V8qwNI9BB73apASO1MLmRpIA=="
    },
    "node_modules/jquery": {
      "version": "3.6.0",
      "resolved": "https://registry.npmjs.org/jquery/-/jquery-3.6.0.tgz",
      "integrity": "sha512-JVzAR/AjBvVt2BmYhxRCSYysDsPcssdmTFnzyLEts9qNwmjmu4JTAMYubEfwVOSwpQ1I1sKKFcxhZCI2buerfw=="
    }
  },
  "dependencies": {
    "@popperjs/core": {
      "version": "2.11.6",
      "resolved": "https://registry.npmjs.org/@popperjs/core/-/core-2.11.6.tgz",
      "integrity": "sha512-50/17A98tWUfQ176raKiOGXuYpLyyVMkxxG6oylzL3BPOlA6ADGdK7EYunSa4I064xerltq9TGXs8HmOk5E+vw==",
      "peer": true
    },
    "biginteger": {
      "version": "1.0.3",
      "resolved": "https://registry.npmjs.org/biginteger/-/biginteger-1.0.3.tgz",
      "integrity": "sha512-gmTfQyNVreGeTlSrZiD7mAg52B0e20NWTJdt9zESPcUce/SEdP0UT/GGal6OZxNELiues4+XuyJzyAlkuO9nNg=="
    },
    "bootstrap": {
      "version": "5.2.0",
      "resolved": "https://registry.npmjs.org/bootstrap/-/bootstrap-5.2.0.tgz",
      "integrity": "sha512-qlnS9GL6YZE6Wnef46GxGv1UpGGzAwO0aPL1yOjzDIJpeApeMvqV24iL+pjr2kU4dduoBA9fINKWKgMToobx9A==",
      "requires": {}
    },
    "bootswatch": {
      "version": "5.2.0",
      "resolved": "https://registry.npmjs.org/bootswatch/-/bootswatch-5.2.0.tgz",
      "integrity": "sha512-v9krdPdybb5hUwVwlv3f7/FhOa5cXbCb5U5CI4gdnalcxR3ekclXE6kPZWL5O8V8qwNI9BB73apASO1MLmRpIA=="
    },
    "jquery": {
      "version": "3.6.0",
      "resolved": "https://registry.npmjs.org/jquery/-/jquery-3.6.0.tgz",
      "integrity": "sha512-JVzAR/AjBvVt2BmYhxRCSYysDsPcssdmTFnzyLEts9qNwmjmu4JTAMYubEfwVOSwpQ1I1sKKFcxhZCI2buerfw=="
    }
  }
}
